// !$*UTF8*$!
{
	archiveVersion = 1;
	classes = {
	};
	objectVersion = 56;
	objects = {

/* Begin PBXBuildFile section */
		C582942429A16E510010E514 /* OnboardView.swift in Sources */ = {isa = PBXBuildFile; fileRef = C582942329A16E510010E514 /* OnboardView.swift */; };
		C5FB0DDB29A16B8400D23889 /* SpamSuckerApp.swift in Sources */ = {isa = PBXBuildFile; fileRef = C5FB0DDA29A16B8400D23889 /* SpamSuckerApp.swift */; };
		C5FB0DDD29A16B8400D23889 /* ContentView.swift in Sources */ = {isa = PBXBuildFile; fileRef = C5FB0DDC29A16B8400D23889 /* ContentView.swift */; };
		C5FB0DDF29A16B8500D23889 /* Assets.xcassets in Resources */ = {isa = PBXBuildFile; fileRef = C5FB0DDE29A16B8500D23889 /* Assets.xcassets */; };
		C5FB0DE229A16B8500D23889 /* Preview Assets.xcassets in Resources */ = {isa = PBXBuildFile; fileRef = C5FB0DE129A16B8500D23889 /* Preview Assets.xcassets */; };
		C5FB0DEC29A16B8500D23889 /* SpamSuckerTests.swift in Sources */ = {isa = PBXBuildFile; fileRef = C5FB0DEB29A16B8500D23889 /* SpamSuckerTests.swift */; };
		C5FB0DF629A16B8500D23889 /* SpamSuckerUITests.swift in Sources */ = {isa = PBXBuildFile; fileRef = C5FB0DF529A16B8500D23889 /* SpamSuckerUITests.swift */; };
		C5FB0DF829A16B8500D23889 /* SpamSuckerUITestsLaunchTests.swift in Sources */ = {isa = PBXBuildFile; fileRef = C5FB0DF729A16B8500D23889 /* SpamSuckerUITestsLaunchTests.swift */; };
		C5FB0E0B29A16BBC00D23889 /* MessageFilterExtension.swift in Sources */ = {isa = PBXBuildFile; fileRef = C5FB0E0A29A16BBC00D23889 /* MessageFilterExtension.swift */; };
		C5FB0E0F29A16BBC00D23889 /* MessageExtension.appex in Embed Foundation Extensions */ = {isa = PBXBuildFile; fileRef = C5FB0E0829A16BBC00D23889 /* MessageExtension.appex */; settings = {ATTRIBUTES = (RemoveHeadersOnCopy, ); }; };
/* End PBXBuildFile section */

/* Begin PBXContainerItemProxy section */
		C5FB0DE829A16B8500D23889 /* PBXContainerItemProxy */ = {
			isa = PBXContainerItemProxy;
			containerPortal = C5FB0DCF29A16B8400D23889 /* Project object */;
			proxyType = 1;
			remoteGlobalIDString = C5FB0DD629A16B8400D23889;
			remoteInfo = SpamSucker;
		};
		C5FB0DF229A16B8500D23889 /* PBXContainerItemProxy */ = {
			isa = PBXContainerItemProxy;
			containerPortal = C5FB0DCF29A16B8400D23889 /* Project object */;
			proxyType = 1;
			remoteGlobalIDString = C5FB0DD629A16B8400D23889;
			remoteInfo = SpamSucker;
		};
		C5FB0E0D29A16BBC00D23889 /* PBXContainerItemProxy */ = {
			isa = PBXContainerItemProxy;
			containerPortal = C5FB0DCF29A16B8400D23889 /* Project object */;
			proxyType = 1;
			remoteGlobalIDString = C5FB0E0729A16BBC00D23889;
			remoteInfo = MessageExtension;
		};
/* End PBXContainerItemProxy section */

/* Begin PBXCopyFilesBuildPhase section */
		C5FB0E1329A16BBC00D23889 /* Embed Foundation Extensions */ = {
			isa = PBXCopyFilesBuildPhase;
			buildActionMask = 2147483647;
			dstPath = "";
			dstSubfolderSpec = 13;
			files = (
				C5FB0E0F29A16BBC00D23889 /* MessageExtension.appex in Embed Foundation Extensions */,
			);
			name = "Embed Foundation Extensions";
			runOnlyForDeploymentPostprocessing = 0;
		};
/* End PBXCopyFilesBuildPhase section */

/* Begin PBXFileReference section */
		C582942329A16E510010E514 /* OnboardView.swift */ = {isa = PBXFileReference; lastKnownFileType = sourcecode.swift; path = OnboardView.swift; sourceTree = "<group>"; };
		C5FB0DD729A16B8400D23889 /* SpamSucker.app */ = {isa = PBXFileReference; explicitFileType = wrapper.application; includeInIndex = 0; path = SpamSucker.app; sourceTree = BUILT_PRODUCTS_DIR; };
		C5FB0DDA29A16B8400D23889 /* SpamSuckerApp.swift */ = {isa = PBXFileReference; lastKnownFileType = sourcecode.swift; path = SpamSuckerApp.swift; sourceTree = "<group>"; };
		C5FB0DDC29A16B8400D23889 /* ContentView.swift */ = {isa = PBXFileReference; lastKnownFileType = sourcecode.swift; path = ContentView.swift; sourceTree = "<group>"; };
		C5FB0DDE29A16B8500D23889 /* Assets.xcassets */ = {isa = PBXFileReference; lastKnownFileType = folder.assetcatalog; path = Assets.xcassets; sourceTree = "<group>"; };
		C5FB0DE129A16B8500D23889 /* Preview Assets.xcassets */ = {isa = PBXFileReference; lastKnownFileType = folder.assetcatalog; path = "Preview Assets.xcassets"; sourceTree = "<group>"; };
		C5FB0DE729A16B8500D23889 /* SpamSuckerTests.xctest */ = {isa = PBXFileReference; explicitFileType = wrapper.cfbundle; includeInIndex = 0; path = SpamSuckerTests.xctest; sourceTree = BUILT_PRODUCTS_DIR; };
		C5FB0DEB29A16B8500D23889 /* SpamSuckerTests.swift */ = {isa = PBXFileReference; lastKnownFileType = sourcecode.swift; path = SpamSuckerTests.swift; sourceTree = "<group>"; };
		C5FB0DF129A16B8500D23889 /* SpamSuckerUITests.xctest */ = {isa = PBXFileReference; explicitFileType = wrapper.cfbundle; includeInIndex = 0; path = SpamSuckerUITests.xctest; sourceTree = BUILT_PRODUCTS_DIR; };
		C5FB0DF529A16B8500D23889 /* SpamSuckerUITests.swift */ = {isa = PBXFileReference; lastKnownFileType = sourcecode.swift; path = SpamSuckerUITests.swift; sourceTree = "<group>"; };
		C5FB0DF729A16B8500D23889 /* SpamSuckerUITestsLaunchTests.swift */ = {isa = PBXFileReference; lastKnownFileType = sourcecode.swift; path = SpamSuckerUITestsLaunchTests.swift; sourceTree = "<group>"; };
		C5FB0E0829A16BBC00D23889 /* MessageExtension.appex */ = {isa = PBXFileReference; explicitFileType = "wrapper.app-extension"; includeInIndex = 0; path = MessageExtension.appex; sourceTree = BUILT_PRODUCTS_DIR; };
		C5FB0E0A29A16BBC00D23889 /* MessageFilterExtension.swift */ = {isa = PBXFileReference; lastKnownFileType = sourcecode.swift; path = MessageFilterExtension.swift; sourceTree = "<group>"; };
		C5FB0E0C29A16BBC00D23889 /* Info.plist */ = {isa = PBXFileReference; lastKnownFileType = text.plist.xml; path = Info.plist; sourceTree = "<group>"; };
/* End PBXFileReference section */

/* Begin PBXFrameworksBuildPhase section */
		C5FB0DD429A16B8400D23889 /* Frameworks */ = {
			isa = PBXFrameworksBuildPhase;
			buildActionMask = 2147483647;
			files = (
			);
			runOnlyForDeploymentPostprocessing = 0;
		};
		C5FB0DE429A16B8500D23889 /* Frameworks */ = {
			isa = PBXFrameworksBuildPhase;
			buildActionMask = 2147483647;
			files = (
			);
			runOnlyForDeploymentPostprocessing = 0;
		};
		C5FB0DEE29A16B8500D23889 /* Frameworks */ = {
			isa = PBXFrameworksBuildPhase;
			buildActionMask = 2147483647;
			files = (
			);
			runOnlyForDeploymentPostprocessing = 0;
		};
		C5FB0E0529A16BBC00D23889 /* Frameworks */ = {
			isa = PBXFrameworksBuildPhase;
			buildActionMask = 2147483647;
			files = (
			);
			runOnlyForDeploymentPostprocessing = 0;
		};
/* End PBXFrameworksBuildPhase section */

/* Begin PBXGroup section */
		C5FB0DCE29A16B8400D23889 = {
			isa = PBXGroup;
			children = (
				C5FB0DD929A16B8400D23889 /* SpamSucker */,
				C5FB0DEA29A16B8500D23889 /* SpamSuckerTests */,
				C5FB0DF429A16B8500D23889 /* SpamSuckerUITests */,
				C5FB0E0929A16BBC00D23889 /* MessageExtension */,
				C5FB0DD829A16B8400D23889 /* Products */,
			);
			sourceTree = "<group>";
		};
		C5FB0DD829A16B8400D23889 /* Products */ = {
			isa = PBXGroup;
			children = (
				C5FB0DD729A16B8400D23889 /* SpamSucker.app */,
				C5FB0DE729A16B8500D23889 /* SpamSuckerTests.xctest */,
				C5FB0DF129A16B8500D23889 /* SpamSuckerUITests.xctest */,
				C5FB0E0829A16BBC00D23889 /* MessageExtension.appex */,
			);
			name = Products;
			sourceTree = "<group>";
		};
		C5FB0DD929A16B8400D23889 /* SpamSucker */ = {
			isa = PBXGroup;
			children = (
				C5FB0DDA29A16B8400D23889 /* SpamSuckerApp.swift */,
				C5FB0DDC29A16B8400D23889 /* ContentView.swift */,
				C5FB0DDE29A16B8500D23889 /* Assets.xcassets */,
				C5FB0DE029A16B8500D23889 /* Preview Content */,
				C582942329A16E510010E514 /* OnboardView.swift */,
			);
			path = SpamSucker;
			sourceTree = "<group>";
		};
		C5FB0DE029A16B8500D23889 /* Preview Content */ = {
			isa = PBXGroup;
			children = (
				C5FB0DE129A16B8500D23889 /* Preview Assets.xcassets */,
			);
			path = "Preview Content";
			sourceTree = "<group>";
		};
		C5FB0DEA29A16B8500D23889 /* SpamSuckerTests */ = {
			isa = PBXGroup;
			children = (
				C5FB0DEB29A16B8500D23889 /* SpamSuckerTests.swift */,
			);
			path = SpamSuckerTests;
			sourceTree = "<group>";
		};
		C5FB0DF429A16B8500D23889 /* SpamSuckerUITests */ = {
			isa = PBXGroup;
			children = (
				C5FB0DF529A16B8500D23889 /* SpamSuckerUITests.swift */,
				C5FB0DF729A16B8500D23889 /* SpamSuckerUITestsLaunchTests.swift */,
			);
			path = SpamSuckerUITests;
			sourceTree = "<group>";
		};
		C5FB0E0929A16BBC00D23889 /* MessageExtension */ = {
			isa = PBXGroup;
			children = (
				C5FB0E0A29A16BBC00D23889 /* MessageFilterExtension.swift */,
				C5FB0E0C29A16BBC00D23889 /* Info.plist */,
			);
			path = MessageExtension;
			sourceTree = "<group>";
		};
/* End PBXGroup section */

/* Begin PBXNativeTarget section */
		C5FB0DD629A16B8400D23889 /* SpamSucker */ = {
			isa = PBXNativeTarget;
			buildConfigurationList = C5FB0DFB29A16B8500D23889 /* Build configuration list for PBXNativeTarget "SpamSucker" */;
			buildPhases = (
				C5FB0DD329A16B8400D23889 /* Sources */,
				C5FB0DD429A16B8400D23889 /* Frameworks */,
				C5FB0DD529A16B8400D23889 /* Resources */,
				C5FB0E1329A16BBC00D23889 /* Embed Foundation Extensions */,
			);
			buildRules = (
			);
			dependencies = (
				C5FB0E0E29A16BBC00D23889 /* PBXTargetDependency */,
			);
			name = SpamSucker;
			productName = SpamSucker;
			productReference = C5FB0DD729A16B8400D23889 /* SpamSucker.app */;
			productType = "com.apple.product-type.application";
		};
		C5FB0DE629A16B8500D23889 /* SpamSuckerTests */ = {
			isa = PBXNativeTarget;
			buildConfigurationList = C5FB0DFE29A16B8500D23889 /* Build configuration list for PBXNativeTarget "SpamSuckerTests" */;
			buildPhases = (
				C5FB0DE329A16B8500D23889 /* Sources */,
				C5FB0DE429A16B8500D23889 /* Frameworks */,
				C5FB0DE529A16B8500D23889 /* Resources */,
			);
			buildRules = (
			);
			dependencies = (
				C5FB0DE929A16B8500D23889 /* PBXTargetDependency */,
			);
			name = SpamSuckerTests;
			productName = SpamSuckerTests;
			productReference = C5FB0DE729A16B8500D23889 /* SpamSuckerTests.xctest */;
			productType = "com.apple.product-type.bundle.unit-test";
		};
		C5FB0DF029A16B8500D23889 /* SpamSuckerUITests */ = {
			isa = PBXNativeTarget;
			buildConfigurationList = C5FB0E0129A16B8500D23889 /* Build configuration list for PBXNativeTarget "SpamSuckerUITests" */;
			buildPhases = (
				C5FB0DED29A16B8500D23889 /* Sources */,
				C5FB0DEE29A16B8500D23889 /* Frameworks */,
				C5FB0DEF29A16B8500D23889 /* Resources */,
			);
			buildRules = (
			);
			dependencies = (
				C5FB0DF329A16B8500D23889 /* PBXTargetDependency */,
			);
			name = SpamSuckerUITests;
			productName = SpamSuckerUITests;
			productReference = C5FB0DF129A16B8500D23889 /* SpamSuckerUITests.xctest */;
			productType = "com.apple.product-type.bundle.ui-testing";
		};
		C5FB0E0729A16BBC00D23889 /* MessageExtension */ = {
			isa = PBXNativeTarget;
			buildConfigurationList = C5FB0E1029A16BBC00D23889 /* Build configuration list for PBXNativeTarget "MessageExtension" */;
			buildPhases = (
				C5FB0E0429A16BBC00D23889 /* Sources */,
				C5FB0E0529A16BBC00D23889 /* Frameworks */,
				C5FB0E0629A16BBC00D23889 /* Resources */,
			);
			buildRules = (
			);
			dependencies = (
			);
			name = MessageExtension;
			productName = MessageExtension;
			productReference = C5FB0E0829A16BBC00D23889 /* MessageExtension.appex */;
			productType = "com.apple.product-type.app-extension";
		};
/* End PBXNativeTarget section */

/* Begin PBXProject section */
		C5FB0DCF29A16B8400D23889 /* Project object */ = {
			isa = PBXProject;
			attributes = {
				BuildIndependentTargetsInParallel = 1;
				LastSwiftUpdateCheck = 1420;
				LastUpgradeCheck = 1420;
				TargetAttributes = {
					C5FB0DD629A16B8400D23889 = {
						CreatedOnToolsVersion = 14.2;
					};
					C5FB0DE629A16B8500D23889 = {
						CreatedOnToolsVersion = 14.2;
						TestTargetID = C5FB0DD629A16B8400D23889;
					};
					C5FB0DF029A16B8500D23889 = {
						CreatedOnToolsVersion = 14.2;
						TestTargetID = C5FB0DD629A16B8400D23889;
					};
					C5FB0E0729A16BBC00D23889 = {
						CreatedOnToolsVersion = 14.2;
					};
				};
			};
			buildConfigurationList = C5FB0DD229A16B8400D23889 /* Build configuration list for PBXProject "SpamSucker" */;
			compatibilityVersion = "Xcode 14.0";
			developmentRegion = en;
			hasScannedForEncodings = 0;
			knownRegions = (
				en,
				Base,
			);
			mainGroup = C5FB0DCE29A16B8400D23889;
			productRefGroup = C5FB0DD829A16B8400D23889 /* Products */;
			projectDirPath = "";
			projectRoot = "";
			targets = (
				C5FB0DD629A16B8400D23889 /* SpamSucker */,
				C5FB0DE629A16B8500D23889 /* SpamSuckerTests */,
				C5FB0DF029A16B8500D23889 /* SpamSuckerUITests */,
				C5FB0E0729A16BBC00D23889 /* MessageExtension */,
			);
		};
/* End PBXProject section */

/* Begin PBXResourcesBuildPhase section */
		C5FB0DD529A16B8400D23889 /* Resources */ = {
			isa = PBXResourcesBuildPhase;
			buildActionMask = 2147483647;
			files = (
				C5FB0DE229A16B8500D23889 /* Preview Assets.xcassets in Resources */,
				C5FB0DDF29A16B8500D23889 /* Assets.xcassets in Resources */,
			);
			runOnlyForDeploymentPostprocessing = 0;
		};
		C5FB0DE529A16B8500D23889 /* Resources */ = {
			isa = PBXResourcesBuildPhase;
			buildActionMask = 2147483647;
			files = (
			);
			runOnlyForDeploymentPostprocessing = 0;
		};
		C5FB0DEF29A16B8500D23889 /* Resources */ = {
			isa = PBXResourcesBuildPhase;
			buildActionMask = 2147483647;
			files = (
			);
			runOnlyForDeploymentPostprocessing = 0;
		};
		C5FB0E0629A16BBC00D23889 /* Resources */ = {
			isa = PBXResourcesBuildPhase;
			buildActionMask = 2147483647;
			files = (
			);
			runOnlyForDeploymentPostprocessing = 0;
		};
/* End PBXResourcesBuildPhase section */

/* Begin PBXSourcesBuildPhase section */
		C5FB0DD329A16B8400D23889 /* Sources */ = {
			isa = PBXSourcesBuildPhase;
			buildActionMask = 2147483647;
			files = (
				C5FB0DDD29A16B8400D23889 /* ContentView.swift in Sources */,
				C582942429A16E510010E514 /* OnboardView.swift in Sources */,
				C5FB0DDB29A16B8400D23889 /* SpamSuckerApp.swift in Sources */,
			);
			runOnlyForDeploymentPostprocessing = 0;
		};
		C5FB0DE329A16B8500D23889 /* Sources */ = {
			isa = PBXSourcesBuildPhase;
			buildActionMask = 2147483647;
			files = (
				C5FB0DEC29A16B8500D23889 /* SpamSuckerTests.swift in Sources */,
			);
			runOnlyForDeploymentPostprocessing = 0;
		};
		C5FB0DED29A16B8500D23889 /* Sources */ = {
			isa = PBXSourcesBuildPhase;
			buildActionMask = 2147483647;
			files = (
				C5FB0DF829A16B8500D23889 /* SpamSuckerUITestsLaunchTests.swift in Sources */,
				C5FB0DF629A16B8500D23889 /* SpamSuckerUITests.swift in Sources */,
			);
			runOnlyForDeploymentPostprocessing = 0;
		};
		C5FB0E0429A16BBC00D23889 /* Sources */ = {
			isa = PBXSourcesBuildPhase;
			buildActionMask = 2147483647;
			files = (
				C5FB0E0B29A16BBC00D23889 /* MessageFilterExtension.swift in Sources */,
			);
			runOnlyForDeploymentPostprocessing = 0;
		};
/* End PBXSourcesBuildPhase section */

/* Begin PBXTargetDependency section */
		C5FB0DE929A16B8500D23889 /* PBXTargetDependency */ = {
			isa = PBXTargetDependency;
			target = C5FB0DD629A16B8400D23889 /* SpamSucker */;
			targetProxy = C5FB0DE829A16B8500D23889 /* PBXContainerItemProxy */;
		};
		C5FB0DF329A16B8500D23889 /* PBXTargetDependency */ = {
			isa = PBXTargetDependency;
			target = C5FB0DD629A16B8400D23889 /* SpamSucker */;
			targetProxy = C5FB0DF229A16B8500D23889 /* PBXContainerItemProxy */;
		};
		C5FB0E0E29A16BBC00D23889 /* PBXTargetDependency */ = {
			isa = PBXTargetDependency;
			target = C5FB0E0729A16BBC00D23889 /* MessageExtension */;
			targetProxy = C5FB0E0D29A16BBC00D23889 /* PBXContainerItemProxy */;
		};
/* End PBXTargetDependency section */

/* Begin XCBuildConfiguration section */
		C5FB0DF929A16B8500D23889 /* Debug */ = {
			isa = XCBuildConfiguration;
			buildSettings = {
				ALWAYS_SEARCH_USER_PATHS = NO;
				CLANG_ANALYZER_NONNULL = YES;
				CLANG_ANALYZER_NUMBER_OBJECT_CONVERSION = YES_AGGRESSIVE;
				CLANG_CXX_LANGUAGE_STANDARD = "gnu++20";
				CLANG_ENABLE_MODULES = YES;
				CLANG_ENABLE_OBJC_ARC = YES;
				CLANG_ENABLE_OBJC_WEAK = YES;
				CLANG_WARN_BLOCK_CAPTURE_AUTORELEASING = YES;
				CLANG_WARN_BOOL_CONVERSION = YES;
				CLANG_WARN_COMMA = YES;
				CLANG_WARN_CONSTANT_CONVERSION = YES;
				CLANG_WARN_DEPRECATED_OBJC_IMPLEMENTATIONS = YES;
				CLANG_WARN_DIRECT_OBJC_ISA_USAGE = YES_ERROR;
				CLANG_WARN_DOCUMENTATION_COMMENTS = YES;
				CLANG_WARN_EMPTY_BODY = YES;
				CLANG_WARN_ENUM_CONVERSION = YES;
				CLANG_WARN_INFINITE_RECURSION = YES;
				CLANG_WARN_INT_CONVERSION = YES;
				CLANG_WARN_NON_LITERAL_NULL_CONVERSION = YES;
				CLANG_WARN_OBJC_IMPLICIT_RETAIN_SELF = YES;
				CLANG_WARN_OBJC_LITERAL_CONVERSION = YES;
				CLANG_WARN_OBJC_ROOT_CLASS = YES_ERROR;
				CLANG_WARN_QUOTED_INCLUDE_IN_FRAMEWORK_HEADER = YES;
				CLANG_WARN_RANGE_LOOP_ANALYSIS = YES;
				CLANG_WARN_STRICT_PROTOTYPES = YES;
				CLANG_WARN_SUSPICIOUS_MOVE = YES;
				CLANG_WARN_UNGUARDED_AVAILABILITY = YES_AGGRESSIVE;
				CLANG_WARN_UNREACHABLE_CODE = YES;
				CLANG_WARN__DUPLICATE_METHOD_MATCH = YES;
				COPY_PHASE_STRIP = NO;
				DEBUG_INFORMATION_FORMAT = dwarf;
				ENABLE_STRICT_OBJC_MSGSEND = YES;
				ENABLE_TESTABILITY = YES;
				GCC_C_LANGUAGE_STANDARD = gnu11;
				GCC_DYNAMIC_NO_PIC = NO;
				GCC_NO_COMMON_BLOCKS = YES;
				GCC_OPTIMIZATION_LEVEL = 0;
				GCC_PREPROCESSOR_DEFINITIONS = (
					"DEBUG=1",
					"$(inherited)",
				);
				GCC_WARN_64_TO_32_BIT_CONVERSION = YES;
				GCC_WARN_ABOUT_RETURN_TYPE = YES_ERROR;
				GCC_WARN_UNDECLARED_SELECTOR = YES;
				GCC_WARN_UNINITIALIZED_AUTOS = YES_AGGRESSIVE;
				GCC_WARN_UNUSED_FUNCTION = YES;
				GCC_WARN_UNUSED_VARIABLE = YES;
				IPHONEOS_DEPLOYMENT_TARGET = 16.0;
				MTL_ENABLE_DEBUG_INFO = INCLUDE_SOURCE;
				MTL_FAST_MATH = YES;
				ONLY_ACTIVE_ARCH = YES;
				SDKROOT = iphoneos;
				SWIFT_ACTIVE_COMPILATION_CONDITIONS = DEBUG;
				SWIFT_OPTIMIZATION_LEVEL = "-Onone";
			};
			name = Debug;
		};
		C5FB0DFA29A16B8500D23889 /* Release */ = {
			isa = XCBuildConfiguration;
			buildSettings = {
				ALWAYS_SEARCH_USER_PATHS = NO;
				CLANG_ANALYZER_NONNULL = YES;
				CLANG_ANALYZER_NUMBER_OBJECT_CONVERSION = YES_AGGRESSIVE;
				CLANG_CXX_LANGUAGE_STANDARD = "gnu++20";
				CLANG_ENABLE_MODULES = YES;
				CLANG_ENABLE_OBJC_ARC = YES;
				CLANG_ENABLE_OBJC_WEAK = YES;
				CLANG_WARN_BLOCK_CAPTURE_AUTORELEASING = YES;
				CLANG_WARN_BOOL_CONVERSION = YES;
				CLANG_WARN_COMMA = YES;
				CLANG_WARN_CONSTANT_CONVERSION = YES;
				CLANG_WARN_DEPRECATED_OBJC_IMPLEMENTATIONS = YES;
				CLANG_WARN_DIRECT_OBJC_ISA_USAGE = YES_ERROR;
				CLANG_WARN_DOCUMENTATION_COMMENTS = YES;
				CLANG_WARN_EMPTY_BODY = YES;
				CLANG_WARN_ENUM_CONVERSION = YES;
				CLANG_WARN_INFINITE_RECURSION = YES;
				CLANG_WARN_INT_CONVERSION = YES;
				CLANG_WARN_NON_LITERAL_NULL_CONVERSION = YES;
				CLANG_WARN_OBJC_IMPLICIT_RETAIN_SELF = YES;
				CLANG_WARN_OBJC_LITERAL_CONVERSION = YES;
				CLANG_WARN_OBJC_ROOT_CLASS = YES_ERROR;
				CLANG_WARN_QUOTED_INCLUDE_IN_FRAMEWORK_HEADER = YES;
				CLANG_WARN_RANGE_LOOP_ANALYSIS = YES;
				CLANG_WARN_STRICT_PROTOTYPES = YES;
				CLANG_WARN_SUSPICIOUS_MOVE = YES;
				CLANG_WARN_UNGUARDED_AVAILABILITY = YES_AGGRESSIVE;
				CLANG_WARN_UNREACHABLE_CODE = YES;
				CLANG_WARN__DUPLICATE_METHOD_MATCH = YES;
				COPY_PHASE_STRIP = NO;
				DEBUG_INFORMATION_FORMAT = "dwarf-with-dsym";
				ENABLE_NS_ASSERTIONS = NO;
				ENABLE_STRICT_OBJC_MSGSEND = YES;
				GCC_C_LANGUAGE_STANDARD = gnu11;
				GCC_NO_COMMON_BLOCKS = YES;
				GCC_WARN_64_TO_32_BIT_CONVERSION = YES;
				GCC_WARN_ABOUT_RETURN_TYPE = YES_ERROR;
				GCC_WARN_UNDECLARED_SELECTOR = YES;
				GCC_WARN_UNINITIALIZED_AUTOS = YES_AGGRESSIVE;
				GCC_WARN_UNUSED_FUNCTION = YES;
				GCC_WARN_UNUSED_VARIABLE = YES;
				IPHONEOS_DEPLOYMENT_TARGET = 16.0;
				MTL_ENABLE_DEBUG_INFO = NO;
				MTL_FAST_MATH = YES;
				SDKROOT = iphoneos;
				SWIFT_COMPILATION_MODE = wholemodule;
				SWIFT_OPTIMIZATION_LEVEL = "-O";
				VALIDATE_PRODUCT = YES;
			};
			name = Release;
		};
		C5FB0DFC29A16B8500D23889 /* Debug */ = {
			isa = XCBuildConfiguration;
			buildSettings = {
				ALWAYS_EMBED_SWIFT_STANDARD_LIBRARIES = YES;
				ASSETCATALOG_COMPILER_APPICON_NAME = AppIcon;
				ASSETCATALOG_COMPILER_GLOBAL_ACCENT_COLOR_NAME = AccentColor;
				CODE_SIGN_STYLE = Automatic;
				CURRENT_PROJECT_VERSION = 4;
				DEVELOPMENT_ASSET_PATHS = "\"SpamSucker/Preview Content\"";
				DEVELOPMENT_TEAM = 7M5JDZSYX7;
				ENABLE_PREVIEWS = YES;
				GENERATE_INFOPLIST_FILE = YES;
				INFOPLIST_KEY_CFBundleDisplayName = "BAIM SPAM SUCKER";
				INFOPLIST_KEY_UIApplicationSceneManifest_Generation = YES;
				INFOPLIST_KEY_UIApplicationSupportsIndirectInputEvents = YES;
				INFOPLIST_KEY_UILaunchScreen_Generation = YES;
				INFOPLIST_KEY_UISupportedInterfaceOrientations_iPad = "UIInterfaceOrientationPortrait UIInterfaceOrientationPortraitUpsideDown UIInterfaceOrientationLandscapeLeft UIInterfaceOrientationLandscapeRight";
				INFOPLIST_KEY_UISupportedInterfaceOrientations_iPhone = "UIInterfaceOrientationPortrait UIInterfaceOrientationLandscapeLeft UIInterfaceOrientationLandscapeRight";
				LD_RUNPATH_SEARCH_PATHS = (
					"$(inherited)",
					"@executable_path/Frameworks",
				);
				MARKETING_VERSION = 1.0;
				PRODUCT_BUNDLE_IDENTIFIER = com.ronanfuruta.SpamSucker;
				PRODUCT_NAME = "$(TARGET_NAME)";
				SWIFT_EMIT_LOC_STRINGS = YES;
				SWIFT_VERSION = 5.0;
				TARGETED_DEVICE_FAMILY = "1,2";
			};
			name = Debug;
		};
		C5FB0DFD29A16B8500D23889 /* Release */ = {
			isa = XCBuildConfiguration;
			buildSettings = {
				ALWAYS_EMBED_SWIFT_STANDARD_LIBRARIES = YES;
				ASSETCATALOG_COMPILER_APPICON_NAME = AppIcon;
				ASSETCATALOG_COMPILER_GLOBAL_ACCENT_COLOR_NAME = AccentColor;
				CODE_SIGN_STYLE = Automatic;
				CURRENT_PROJECT_VERSION = 4;
				DEVELOPMENT_ASSET_PATHS = "\"SpamSucker/Preview Content\"";
				DEVELOPMENT_TEAM = 7M5JDZSYX7;
				ENABLE_PREVIEWS = YES;
				GENERATE_INFOPLIST_FILE = YES;
				INFOPLIST_KEY_CFBundleDisplayName = "BAIM SPAM SUCKER";
				INFOPLIST_KEY_UIApplicationSceneManifest_Generation = YES;
				INFOPLIST_KEY_UIApplicationSupportsIndirectInputEvents = YES;
				INFOPLIST_KEY_UILaunchScreen_Generation = YES;
				INFOPLIST_KEY_UISupportedInterfaceOrientations_iPad = "UIInterfaceOrientationPortrait UIInterfaceOrientationPortraitUpsideDown UIInterfaceOrientationLandscapeLeft UIInterfaceOrientationLandscapeRight";
				INFOPLIST_KEY_UISupportedInterfaceOrientations_iPhone = "UIInterfaceOrientationPortrait UIInterfaceOrientationLandscapeLeft UIInterfaceOrientationLandscapeRight";
				LD_RUNPATH_SEARCH_PATHS = (
					"$(inherited)",
					"@executable_path/Frameworks",
				);
				MARKETING_VERSION = 1.0;
				PRODUCT_BUNDLE_IDENTIFIER = com.ronanfuruta.SpamSucker;
				PRODUCT_NAME = "$(TARGET_NAME)";
				SWIFT_EMIT_LOC_STRINGS = YES;
				SWIFT_VERSION = 5.0;
				TARGETED_DEVICE_FAMILY = "1,2";
			};
			name = Release;
		};
		C5FB0DFF29A16B8500D23889 /* Debug */ = {
			isa = XCBuildConfiguration;
			buildSettings = {
				ALWAYS_EMBED_SWIFT_STANDARD_LIBRARIES = YES;
				BUNDLE_LOADER = "$(TEST_HOST)";
				CODE_SIGN_STYLE = Automatic;
				CURRENT_PROJECT_VERSION = 1;
				DEVELOPMENT_TEAM = 7M5JDZSYX7;
				GENERATE_INFOPLIST_FILE = YES;
				IPHONEOS_DEPLOYMENT_TARGET = 16.2;
				MARKETING_VERSION = 1.0;
				PRODUCT_BUNDLE_IDENTIFIER = com.ronanfuruta.SpamSuckerTests;
				PRODUCT_NAME = "$(TARGET_NAME)";
				SWIFT_EMIT_LOC_STRINGS = NO;
				SWIFT_VERSION = 5.0;
				TARGETED_DEVICE_FAMILY = "1,2";
				TEST_HOST = "$(BUILT_PRODUCTS_DIR)/SpamSucker.app/$(BUNDLE_EXECUTABLE_FOLDER_PATH)/SpamSucker";
			};
			name = Debug;
		};
		C5FB0E0029A16B8500D23889 /* Release */ = {
			isa = XCBuildConfiguration;
			buildSettings = {
				ALWAYS_EMBED_SWIFT_STANDARD_LIBRARIES = YES;
				BUNDLE_LOADER = "$(TEST_HOST)";
				CODE_SIGN_STYLE = Automatic;
				CURRENT_PROJECT_VERSION = 1;
				DEVELOPMENT_TEAM = 7M5JDZSYX7;
				GENERATE_INFOPLIST_FILE = YES;
				IPHONEOS_DEPLOYMENT_TARGET = 16.2;
				MARKETING_VERSION = 1.0;
				PRODUCT_BUNDLE_IDENTIFIER = com.ronanfuruta.SpamSuckerTests;
				PRODUCT_NAME = "$(TARGET_NAME)";
				SWIFT_EMIT_LOC_STRINGS = NO;
				SWIFT_VERSION = 5.0;
				TARGETED_DEVICE_FAMILY = "1,2";
				TEST_HOST = "$(BUILT_PRODUCTS_DIR)/SpamSucker.app/$(BUNDLE_EXECUTABLE_FOLDER_PATH)/SpamSucker";
			};
			name = Release;
		};
		C5FB0E0229A16B8500D23889 /* Debug */ = {
			isa = XCBuildConfiguration;
			buildSettings = {
				ALWAYS_EMBED_SWIFT_STANDARD_LIBRARIES = YES;
				CODE_SIGN_STYLE = Automatic;
				CURRENT_PROJECT_VERSION = 1;
				DEVELOPMENT_TEAM = 7M5JDZSYX7;
				GENERATE_INFOPLIST_FILE = YES;
				MARKETING_VERSION = 1.0;
				PRODUCT_BUNDLE_IDENTIFIER = com.ronanfuruta.SpamSuckerUITests;
				PRODUCT_NAME = "$(TARGET_NAME)";
				SWIFT_EMIT_LOC_STRINGS = NO;
				SWIFT_VERSION = 5.0;
				TARGETED_DEVICE_FAMILY = "1,2";
				TEST_TARGET_NAME = SpamSucker;
			};
			name = Debug;
		};
		C5FB0E0329A16B8500D23889 /* Release */ = {
			isa = XCBuildConfiguration;
			buildSettings = {
				ALWAYS_EMBED_SWIFT_STANDARD_LIBRARIES = YES;
				CODE_SIGN_STYLE = Automatic;
				CURRENT_PROJECT_VERSION = 1;
				DEVELOPMENT_TEAM = 7M5JDZSYX7;
				GENERATE_INFOPLIST_FILE = YES;
				MARKETING_VERSION = 1.0;
				PRODUCT_BUNDLE_IDENTIFIER = com.ronanfuruta.SpamSuckerUITests;
				PRODUCT_NAME = "$(TARGET_NAME)";
				SWIFT_EMIT_LOC_STRINGS = NO;
				SWIFT_VERSION = 5.0;
				TARGETED_DEVICE_FAMILY = "1,2";
				TEST_TARGET_NAME = SpamSucker;
			};
			name = Release;
		};
		C5FB0E1129A16BBC00D23889 /* Debug */ = {
			isa = XCBuildConfiguration;
			buildSettings = {
				CODE_SIGN_STYLE = Automatic;
				CURRENT_PROJECT_VERSION = 4;
				DEVELOPMENT_TEAM = 7M5JDZSYX7;
				GENERATE_INFOPLIST_FILE = YES;
				INFOPLIST_FILE = MessageExtension/Info.plist;
				INFOPLIST_KEY_CFBundleDisplayName = MessageExtension;
				INFOPLIST_KEY_NSHumanReadableCopyright = "";
				LD_RUNPATH_SEARCH_PATHS = (
					"$(inherited)",
					"@executable_path/Frameworks",
					"@executable_path/../../Frameworks",
				);
				MARKETING_VERSION = 1.0;
				PRODUCT_BUNDLE_IDENTIFIER = com.ronanfuruta.SpamSucker.MessageExtension;
				PRODUCT_NAME = "$(TARGET_NAME)";
				SKIP_INSTALL = YES;
				SWIFT_EMIT_LOC_STRINGS = YES;
				SWIFT_VERSION = 5.0;
				TARGETED_DEVICE_FAMILY = "1,2";
			};
			name = Debug;
		};
		C5FB0E1229A16BBC00D23889 /* Release */ = {
			isa = XCBuildConfiguration;
			buildSettings = {
				CODE_SIGN_STYLE = Automatic;
				CURRENT_PROJECT_VERSION = 4;
				DEVELOPMENT_TEAM = 7M5JDZSYX7;
				GENERATE_INFOPLIST_FILE = YES;
				INFOPLIST_FILE = MessageExtension/Info.plist;
				INFOPLIST_KEY_CFBundleDisplayName = MessageExtension;
				INFOPLIST_KEY_NSHumanReadableCopyright = "";
				LD_RUNPATH_SEARCH_PATHS = (
					"$(inherited)",
					"@executable_path/Frameworks",
					"@executable_path/../../Frameworks",
				);
				MARKETING_VERSION = 1.0;
				PRODUCT_BUNDLE_IDENTIFIER = com.ronanfuruta.SpamSucker.MessageExtension;
				PRODUCT_NAME = "$(TARGET_NAME)";
				SKIP_INSTALL = YES;
				SWIFT_EMIT_LOC_STRINGS = YES;
				SWIFT_VERSION = 5.0;
				TARGETED_DEVICE_FAMILY = "1,2";
			};
			name = Release;
		};
/* End XCBuildConfiguration section */

/* Begin XCConfigurationList section */
		C5FB0DD229A16B8400D23889 /* Build configuration list for PBXProject "SpamSucker" */ = {
			isa = XCConfigurationList;
			buildConfigurations = (
				C5FB0DF929A16B8500D23889 /* Debug */,
				C5FB0DFA29A16B8500D23889 /* Release */,
			);
			defaultConfigurationIsVisible = 0;
			defaultConfigurationName = Release;
		};
		C5FB0DFB29A16B8500D23889 /* Build configuration list for PBXNativeTarget "SpamSucker" */ = {
			isa = XCConfigurationList;
			buildConfigurations = (
				C5FB0DFC29A16B8500D23889 /* Debug */,
				C5FB0DFD29A16B8500D23889 /* Release */,
			);
			defaultConfigurationIsVisible = 0;
			defaultConfigurationName = Release;
		};
		C5FB0DFE29A16B8500D23889 /* Build configuration list for PBXNativeTarget "SpamSuckerTests" */ = {
			isa = XCConfigurationList;
			buildConfigurations = (
				C5FB0DFF29A16B8500D23889 /* Debug */,
				C5FB0E0029A16B8500D23889 /* Release */,
			);
			defaultConfigurationIsVisible = 0;
			defaultConfigurationName = Release;
		};
		C5FB0E0129A16B8500D23889 /* Build configuration list for PBXNativeTarget "SpamSuckerUITests" */ = {
			isa = XCConfigurationList;
			buildConfigurations = (
				C5FB0E0229A16B8500D23889 /* Debug */,
				C5FB0E0329A16B8500D23889 /* Release */,
			);
			defaultConfigurationIsVisible = 0;
			defaultConfigurationName = Release;
		};
		C5FB0E1029A16BBC00D23889 /* Build configuration list for PBXNativeTarget "MessageExtension" */ = {
			isa = XCConfigurationList;
			buildConfigurations = (
				C5FB0E1129A16BBC00D23889 /* Debug */,
				C5FB0E1229A16BBC00D23889 /* Release */,
			);
			defaultConfigurationIsVisible = 0;
			defaultConfigurationName = Release;
		};
/* End XCConfigurationList section */
	};
	rootObject = C5FB0DCF29A16B8400D23889 /* Project object */;
}
